<Solution>
  <Project Path="BankAccountApp/BankAccountApp.csproj" />
  <Project Path="BankAccountTests/BankAccountTests.csproj" />
  <Project Path="BasicMath/BasicMath.csproj" />
  <Project Path="BasicMathTests/BasicMathTests.csproj" />
  <Project Path="LoginAutomation/LoginAutomation.csproj" />
</Solution>
